
Microsoft Visual Studio Solution File, Format Version 12.00
# Visual Studio Version 16
VisualStudioVersion = 16.0.30204.135
MinimumVisualStudioVersion = 10.0.40219.1
Project("{FAE04EC0-301F-11D3-BF4B-00C04F79EFBC}") = "SelectionStatements", "SelectionStatements\SelectionStatements.csproj", "{C408238E-683E-47B1-8846-5AE6AAE32367}"
EndProject
Global
	GlobalSection(SolutionConfigurationPlatforms) = preSolution
		Debug|Any CPU = Debug|Any CPU
		Release|Any CPU = Release|Any CPU
	EndGlobalSection
	GlobalSection(ProjectConfigurationPlatforms) = postSolution
		{C408238E-683E-47B1-8846-5AE6AAE32367}.Debug|Any CPU.ActiveCfg = Debug|Any CPU
		{C408238E-683E-47B1-8846-5AE6AAE32367}.Debug|Any CPU.Build.0 = Debug|Any CPU
		{C408238E-683E-47B1-8846-5AE6AAE32367}.Release|Any CPU.ActiveCfg = Release|Any CPU
		{C408238E-683E-47B1-8846-5AE6AAE32367}.Release|Any CPU.Build.0 = Release|Any CPU
	EndGlobalSection
	GlobalSection(SolutionProperties) = preSolution
		HideSolutionNode = FALSE
	EndGlobalSection
	GlobalSection(ExtensibilityGlobals) = postSolution
		SolutionGuid = {E6C5D5BB-359D-4243-9298-F201E7A320D9}
	EndGlobalSection
EndGlobal
